
Microsoft Visual Studio Solution File, Format Version 12.00
Project("{FAE04EC0-301F-11D3-BF4B-00C04F79EFBC}") = "Dang.API", "Dang.API\Dang.API.csproj", "{034596E0-C623-4995-A7F1-842FA16B3262}"
EndProject
Project("{FAE04EC0-301F-11D3-BF4B-00C04F79EFBC}") = "Dang.Events", "Dang.Events\Dang.Events.csproj", "{FCF4C329-49CC-47FC-B4C0-D6B4D46670C8}"
EndProject
Global
	GlobalSection(SolutionConfigurationPlatforms) = preSolution
		Debug|Any CPU = Debug|Any CPU
		Release|Any CPU = Release|Any CPU
	EndGlobalSection
	GlobalSection(ProjectConfigurationPlatforms) = postSolution
		{034596E0-C623-4995-A7F1-842FA16B3262}.Debug|Any CPU.ActiveCfg = Debug|Any CPU
		{034596E0-C623-4995-A7F1-842FA16B3262}.Debug|Any CPU.Build.0 = Debug|Any CPU
		{034596E0-C623-4995-A7F1-842FA16B3262}.Release|Any CPU.ActiveCfg = Release|Any CPU
		{034596E0-C623-4995-A7F1-842FA16B3262}.Release|Any CPU.Build.0 = Release|Any CPU
		{FCF4C329-49CC-47FC-B4C0-D6B4D46670C8}.Debug|Any CPU.ActiveCfg = Debug|Any CPU
		{FCF4C329-49CC-47FC-B4C0-D6B4D46670C8}.Debug|Any CPU.Build.0 = Debug|Any CPU
		{FCF4C329-49CC-47FC-B4C0-D6B4D46670C8}.Release|Any CPU.ActiveCfg = Release|Any CPU
		{FCF4C329-49CC-47FC-B4C0-D6B4D46670C8}.Release|Any CPU.Build.0 = Release|Any CPU
	EndGlobalSection
EndGlobal
